// !$*UTF8*$!
{
	archiveVersion = 1;
	classes = {
	};
	objectVersion = 48;
	objects = {

/* Begin PBXBuildFile section */
		E52B56761FC6AE2B0093B622 /* AppDelegate.m in Sources */ = {isa = PBXBuildFile; fileRef = E52B56751FC6AE2B0093B622 /* AppDelegate.m */; };
		E52B567C1FC6AE2B0093B622 /* Main.storyboard in Resources */ = {isa = PBXBuildFile; fileRef = E52B567A1FC6AE2B0093B622 /* Main.storyboard */; };
		E52B567E1FC6AE2B0093B622 /* Assets.xcassets in Resources */ = {isa = PBXBuildFile; fileRef = E52B567D1FC6AE2B0093B622 /* Assets.xcassets */; };
		E52B56811FC6AE2B0093B622 /* LaunchScreen.storyboard in Resources */ = {isa = PBXBuildFile; fileRef = E52B567F1FC6AE2B0093B622 /* LaunchScreen.storyboard */; };
		E52B56841FC6AE2B0093B622 /* main.m in Sources */ = {isa = PBXBuildFile; fileRef = E52B56831FC6AE2B0093B622 /* main.m */; };
		E52B56941FC6AEA60093B622 /* README.md in Resources */ = {isa = PBXBuildFile; fileRef = E52B568B1FC6AEA50093B622 /* README.md */; };
		E52B56951FC6AEA60093B622 /* obfuscate.sh in Resources */ = {isa = PBXBuildFile; fileRef = E52B568D1FC6AEA50093B622 /* obfuscate.sh */; };
		E52B56961FC6AEA60093B622 /* PodObfuscate.rb in Resources */ = {isa = PBXBuildFile; fileRef = E52B568E1FC6AEA50093B622 /* PodObfuscate.rb */; };
		E52B56A51FC6B1B80093B622 /* ViewController.m in Sources */ = {isa = PBXBuildFile; fileRef = E52B56A41FC6B1B80093B622 /* ViewController.m */; };
		E52B56A91FC6B1E30093B622 /* IPHTestViewController.m in Sources */ = {isa = PBXBuildFile; fileRef = E52B56A81FC6B1E30093B622 /* IPHTestViewController.m */; };
/* End PBXBuildFile section */

/* Begin PBXFileReference section */
		E52B56711FC6AE2B0093B622 /* IPHCodeObfuscation.app */ = {isa = PBXFileReference; explicitFileType = wrapper.application; includeInIndex = 0; path = IPHCodeObfuscation.app; sourceTree = BUILT_PRODUCTS_DIR; };
		E52B56741FC6AE2B0093B622 /* AppDelegate.h */ = {isa = PBXFileReference; lastKnownFileType = sourcecode.c.h; path = AppDelegate.h; sourceTree = "<group>"; };
		E52B56751FC6AE2B0093B622 /* AppDelegate.m */ = {isa = PBXFileReference; lastKnownFileType = sourcecode.c.objc; path = AppDelegate.m; sourceTree = "<group>"; };
		E52B567B1FC6AE2B0093B622 /* Base */ = {isa = PBXFileReference; lastKnownFileType = file.storyboard; name = Base; path = Base.lproj/Main.storyboard; sourceTree = "<group>"; };
		E52B567D1FC6AE2B0093B622 /* Assets.xcassets */ = {isa = PBXFileReference; lastKnownFileType = folder.assetcatalog; path = Assets.xcassets; sourceTree = "<group>"; };
		E52B56801FC6AE2B0093B622 /* Base */ = {isa = PBXFileReference; lastKnownFileType = file.storyboard; name = Base; path = Base.lproj/LaunchScreen.storyboard; sourceTree = "<group>"; };
		E52B56821FC6AE2B0093B622 /* Info.plist */ = {isa = PBXFileReference; lastKnownFileType = text.plist.xml; path = Info.plist; sourceTree = "<group>"; };
		E52B56831FC6AE2B0093B622 /* main.m */ = {isa = PBXFileReference; lastKnownFileType = sourcecode.c.objc; path = main.m; sourceTree = "<group>"; };
		E52B568B1FC6AEA50093B622 /* README.md */ = {isa = PBXFileReference; fileEncoding = 4; lastKnownFileType = net.daringfireball.markdown; path = README.md; sourceTree = "<group>"; };
		E52B568D1FC6AEA50093B622 /* obfuscate.sh */ = {isa = PBXFileReference; fileEncoding = 4; lastKnownFileType = text.script.sh; path = obfuscate.sh; sourceTree = "<group>"; };
		E52B568E1FC6AEA50093B622 /* PodObfuscate.rb */ = {isa = PBXFileReference; fileEncoding = 4; lastKnownFileType = text.script.ruby; path = PodObfuscate.rb; sourceTree = "<group>"; };
		E52B56901FC6AEA50093B622 /* ObfuscationList.h */ = {isa = PBXFileReference; fileEncoding = 4; lastKnownFileType = sourcecode.c.h; path = ObfuscationList.h; sourceTree = "<group>"; };
		E52B56921FC6AEA60093B622 /* IPHObfuscationSymbols.h */ = {isa = PBXFileReference; fileEncoding = 4; lastKnownFileType = sourcecode.c.h; path = IPHObfuscationSymbols.h; sourceTree = "<group>"; };
		E52B56931FC6AEA60093B622 /* IPHObfuscationSymbolsHeader.h */ = {isa = PBXFileReference; fileEncoding = 4; lastKnownFileType = sourcecode.c.h; path = IPHObfuscationSymbolsHeader.h; sourceTree = "<group>"; };
		E52B56981FC6AFBA0093B622 /* IPHCodeObfuscation-prefix.pch */ = {isa = PBXFileReference; lastKnownFileType = sourcecode.c.h; path = "IPHCodeObfuscation-prefix.pch"; sourceTree = "<group>"; };
		E52B56A31FC6B1B80093B622 /* ViewController.h */ = {isa = PBXFileReference; fileEncoding = 4; lastKnownFileType = sourcecode.c.h; path = ViewController.h; sourceTree = "<group>"; };
		E52B56A41FC6B1B80093B622 /* ViewController.m */ = {isa = PBXFileReference; fileEncoding = 4; lastKnownFileType = sourcecode.c.objc; path = ViewController.m; sourceTree = "<group>"; };
		E52B56A71FC6B1E30093B622 /* IPHTestViewController.h */ = {isa = PBXFileReference; lastKnownFileType = sourcecode.c.h; path = IPHTestViewController.h; sourceTree = "<group>"; };
		E52B56A81FC6B1E30093B622 /* IPHTestViewController.m */ = {isa = PBXFileReference; lastKnownFileType = sourcecode.c.objc; path = IPHTestViewController.m; sourceTree = "<group>"; };
		E52B56AA1FC6B2C50093B622 /* ObfuscationList-test.h */ = {isa = PBXFileReference; lastKnownFileType = sourcecode.c.h; path = "ObfuscationList-test.h"; sourceTree = "<group>"; };
		E52B56AB1FC6B2FF0093B622 /* IPHObfuscationSymbols-test.h */ = {isa = PBXFileReference; lastKnownFileType = sourcecode.c.h; path = "IPHObfuscationSymbols-test.h"; sourceTree = "<group>"; };
/* End PBXFileReference section */

/* Begin PBXFrameworksBuildPhase section */
		E52B566E1FC6AE2B0093B622 /* Frameworks */ = {
			isa = PBXFrameworksBuildPhase;
			buildActionMask = 2147483647;
			files = (
			);
			runOnlyForDeploymentPostprocessing = 0;
		};
/* End PBXFrameworksBuildPhase section */

/* Begin PBXGroup section */
		E52B56681FC6AE2B0093B622 = {
			isa = PBXGroup;
			children = (
				E52B568B1FC6AEA50093B622 /* README.md */,
				E52B568C1FC6AEA50093B622 /* IPHObfuscationTools */,
				E52B56911FC6AEA60093B622 /* SymbolsHeader */,
				E52B56731FC6AE2B0093B622 /* IPHCodeObfuscation */,
				E52B56721FC6AE2B0093B622 /* Products */,
			);
			sourceTree = "<group>";
		};
		E52B56721FC6AE2B0093B622 /* Products */ = {
			isa = PBXGroup;
			children = (
				E52B56711FC6AE2B0093B622 /* IPHCodeObfuscation.app */,
			);
			name = Products;
			sourceTree = "<group>";
		};
		E52B56731FC6AE2B0093B622 /* IPHCodeObfuscation */ = {
			isa = PBXGroup;
			children = (
				E52B56741FC6AE2B0093B622 /* AppDelegate.h */,
				E52B56751FC6AE2B0093B622 /* AppDelegate.m */,
				E52B56A31FC6B1B80093B622 /* ViewController.h */,
				E52B56A41FC6B1B80093B622 /* ViewController.m */,
				E52B569F1FC6B1910093B622 /* Test */,
				E52B569C1FC6B0E70093B622 /* Support Files */,
			);
			path = IPHCodeObfuscation;
			sourceTree = "<group>";
		};
		E52B568C1FC6AEA50093B622 /* IPHObfuscationTools */ = {
			isa = PBXGroup;
			children = (
				E52B56901FC6AEA50093B622 /* ObfuscationList.h */,
				E52B568D1FC6AEA50093B622 /* obfuscate.sh */,
				E52B568E1FC6AEA50093B622 /* PodObfuscate.rb */,
			);
			path = IPHObfuscationTools;
			sourceTree = "<group>";
		};
		E52B56911FC6AEA60093B622 /* SymbolsHeader */ = {
			isa = PBXGroup;
			children = (
				E52B56921FC6AEA60093B622 /* IPHObfuscationSymbols.h */,
				E52B56931FC6AEA60093B622 /* IPHObfuscationSymbolsHeader.h */,
			);
			path = SymbolsHeader;
			sourceTree = "<group>";
		};
		E52B569C1FC6B0E70093B622 /* Support Files */ = {
			isa = PBXGroup;
			children = (
				E52B567A1FC6AE2B0093B622 /* Main.storyboard */,
				E52B567F1FC6AE2B0093B622 /* LaunchScreen.storyboard */,
				E52B567D1FC6AE2B0093B622 /* Assets.xcassets */,
				E52B56821FC6AE2B0093B622 /* Info.plist */,
				E52B56831FC6AE2B0093B622 /* main.m */,
				E52B56981FC6AFBA0093B622 /* IPHCodeObfuscation-prefix.pch */,
			);
			name = "Support Files";
			sourceTree = "<group>";
		};
		E52B569F1FC6B1910093B622 /* Test */ = {
			isa = PBXGroup;
			children = (
				E52B56AA1FC6B2C50093B622 /* ObfuscationList-test.h */,
				E52B56AB1FC6B2FF0093B622 /* IPHObfuscationSymbols-test.h */,
				E52B56A71FC6B1E30093B622 /* IPHTestViewController.h */,
				E52B56A81FC6B1E30093B622 /* IPHTestViewController.m */,
			);
			path = Test;
			sourceTree = "<group>";
		};
/* End PBXGroup section */

/* Begin PBXNativeTarget section */
		E52B56701FC6AE2B0093B622 /* IPHCodeObfuscation */ = {
			isa = PBXNativeTarget;
			buildConfigurationList = E52B56871FC6AE2B0093B622 /* Build configuration list for PBXNativeTarget "IPHCodeObfuscation" */;
			buildPhases = (
				E52B566D1FC6AE2B0093B622 /* Sources */,
				E52B566E1FC6AE2B0093B622 /* Frameworks */,
				E52B566F1FC6AE2B0093B622 /* Resources */,
				E52B568A1FC6AE850093B622 /* ShellScript */,
			);
			buildRules = (
			);
			dependencies = (
			);
			name = IPHCodeObfuscation;
			productName = HHTCodeObfuscation;
			productReference = E52B56711FC6AE2B0093B622 /* IPHCodeObfuscation.app */;
			productType = "com.apple.product-type.application";
		};
/* End PBXNativeTarget section */

/* Begin PBXProject section */
		E52B56691FC6AE2B0093B622 /* Project object */ = {
			isa = PBXProject;
			attributes = {
				LastUpgradeCheck = 1020;
				ORGANIZATIONNAME = iPhuan;
				TargetAttributes = {
					E52B56701FC6AE2B0093B622 = {
						CreatedOnToolsVersion = 9.1;
						ProvisioningStyle = Automatic;
					};
				};
			};
			buildConfigurationList = E52B566C1FC6AE2B0093B622 /* Build configuration list for PBXProject "IPHCodeObfuscation" */;
			compatibilityVersion = "Xcode 8.0";
			developmentRegion = en;
			hasScannedForEncodings = 0;
			knownRegions = (
				en,
				Base,
			);
			mainGroup = E52B56681FC6AE2B0093B622;
			productRefGroup = E52B56721FC6AE2B0093B622 /* Products */;
			projectDirPath = "";
			projectRoot = "";
			targets = (
				E52B56701FC6AE2B0093B622 /* IPHCodeObfuscation */,
			);
		};
/* End PBXProject section */

/* Begin PBXResourcesBuildPhase section */
		E52B566F1FC6AE2B0093B622 /* Resources */ = {
			isa = PBXResourcesBuildPhase;
			buildActionMask = 2147483647;
			files = (
				E52B56961FC6AEA60093B622 /* PodObfuscate.rb in Resources */,
				E52B56811FC6AE2B0093B622 /* LaunchScreen.storyboard in Resources */,
				E52B567E1FC6AE2B0093B622 /* Assets.xcassets in Resources */,
				E52B56941FC6AEA60093B622 /* README.md in Resources */,
				E52B567C1FC6AE2B0093B622 /* Main.storyboard in Resources */,
				E52B56951FC6AEA60093B622 /* obfuscate.sh in Resources */,
			);
			runOnlyForDeploymentPostprocessing = 0;
		};
/* End PBXResourcesBuildPhase section */

/* Begin PBXShellScriptBuildPhase section */
		E52B568A1FC6AE850093B622 /* ShellScript */ = {
			isa = PBXShellScriptBuildPhase;
			buildActionMask = 2147483647;
			files = (
			);
			inputPaths = (
			);
			outputPaths = (
			);
			runOnlyForDeploymentPostprocessing = 0;
			shellPath = /bin/sh;
			shellScript = "$PROJECT_DIR/IPHObfuscationTools/obfuscate.sh\n";
		};
/* End PBXShellScriptBuildPhase section */

/* Begin PBXSourcesBuildPhase section */
		E52B566D1FC6AE2B0093B622 /* Sources */ = {
			isa = PBXSourcesBuildPhase;
			buildActionMask = 2147483647;
			files = (
				E52B56A51FC6B1B80093B622 /* ViewController.m in Sources */,
				E52B56A91FC6B1E30093B622 /* IPHTestViewController.m in Sources */,
				E52B56841FC6AE2B0093B622 /* main.m in Sources */,
				E52B56761FC6AE2B0093B622 /* AppDelegate.m in Sources */,
			);
			runOnlyForDeploymentPostprocessing = 0;
		};
/* End PBXSourcesBuildPhase section */

/* Begin PBXVariantGroup section */
		E52B567A1FC6AE2B0093B622 /* Main.storyboard */ = {
			isa = PBXVariantGroup;
			children = (
				E52B567B1FC6AE2B0093B622 /* Base */,
			);
			name = Main.storyboard;
			sourceTree = "<group>";
		};
		E52B567F1FC6AE2B0093B622 /* LaunchScreen.storyboard */ = {
			isa = PBXVariantGroup;
			children = (
				E52B56801FC6AE2B0093B622 /* Base */,
			);
			name = LaunchScreen.storyboard;
			sourceTree = "<group>";
		};
/* End PBXVariantGroup section */

/* Begin XCBuildConfiguration section */
		E52B56851FC6AE2B0093B622 /* Debug */ = {
			isa = XCBuildConfiguration;
			buildSettings = {
				ALWAYS_SEARCH_USER_PATHS = NO;
				CLANG_ANALYZER_NONNULL = YES;
				CLANG_ANALYZER_NUMBER_OBJECT_CONVERSION = YES_AGGRESSIVE;
				CLANG_CXX_LANGUAGE_STANDARD = "gnu++14";
				CLANG_CXX_LIBRARY = "libc++";
				CLANG_ENABLE_MODULES = YES;
				CLANG_ENABLE_OBJC_ARC = YES;
				CLANG_WARN_BLOCK_CAPTURE_AUTORELEASING = YES;
				CLANG_WARN_BOOL_CONVERSION = YES;
				CLANG_WARN_COMMA = YES;
				CLANG_WARN_CONSTANT_CONVERSION = YES;
				CLANG_WARN_DEPRECATED_OBJC_IMPLEMENTATIONS = YES;
				CLANG_WARN_DIRECT_OBJC_ISA_USAGE = YES_ERROR;
				CLANG_WARN_DOCUMENTATION_COMMENTS = YES;
				CLANG_WARN_EMPTY_BODY = YES;
				CLANG_WARN_ENUM_CONVERSION = YES;
				CLANG_WARN_INFINITE_RECURSION = YES;
				CLANG_WARN_INT_CONVERSION = YES;
				CLANG_WARN_NON_LITERAL_NULL_CONVERSION = YES;
				CLANG_WARN_OBJC_IMPLICIT_RETAIN_SELF = YES;
				CLANG_WARN_OBJC_LITERAL_CONVERSION = YES;
				CLANG_WARN_OBJC_ROOT_CLASS = YES_ERROR;
				CLANG_WARN_RANGE_LOOP_ANALYSIS = YES;
				CLANG_WARN_STRICT_PROTOTYPES = YES;
				CLANG_WARN_SUSPICIOUS_MOVE = YES;
				CLANG_WARN_UNGUARDED_AVAILABILITY = YES_AGGRESSIVE;
				CLANG_WARN_UNREACHABLE_CODE = YES;
				CLANG_WARN__DUPLICATE_METHOD_MATCH = YES;
				CODE_SIGN_IDENTITY = "iPhone Developer";
				COPY_PHASE_STRIP = NO;
				DEBUG_INFORMATION_FORMAT = dwarf;
				ENABLE_STRICT_OBJC_MSGSEND = YES;
				ENABLE_TESTABILITY = YES;
				GCC_C_LANGUAGE_STANDARD = gnu11;
				GCC_DYNAMIC_NO_PIC = NO;
				GCC_NO_COMMON_BLOCKS = YES;
				GCC_OPTIMIZATION_LEVEL = 0;
				GCC_PREPROCESSOR_DEFINITIONS = (
					"DEBUG=1",
					"$(inherited)",
				);
				GCC_WARN_64_TO_32_BIT_CONVERSION = YES;
				GCC_WARN_ABOUT_RETURN_TYPE = YES_ERROR;
				GCC_WARN_UNDECLARED_SELECTOR = YES;
				GCC_WARN_UNINITIALIZED_AUTOS = YES_AGGRESSIVE;
				GCC_WARN_UNUSED_FUNCTION = YES;
				GCC_WARN_UNUSED_VARIABLE = YES;
				IPHONEOS_DEPLOYMENT_TARGET = 11.1;
				MTL_ENABLE_DEBUG_INFO = YES;
				ONLY_ACTIVE_ARCH = YES;
				SDKROOT = iphoneos;
			};
			name = Debug;
		};
		E52B56861FC6AE2B0093B622 /* Release */ = {
			isa = XCBuildConfiguration;
			buildSettings = {
				ALWAYS_SEARCH_USER_PATHS = NO;
				CLANG_ANALYZER_NONNULL = YES;
				CLANG_ANALYZER_NUMBER_OBJECT_CONVERSION = YES_AGGRESSIVE;
				CLANG_CXX_LANGUAGE_STANDARD = "gnu++14";
				CLANG_CXX_LIBRARY = "libc++";
				CLANG_ENABLE_MODULES = YES;
				CLANG_ENABLE_OBJC_ARC = YES;
				CLANG_WARN_BLOCK_CAPTURE_AUTORELEASING = YES;
				CLANG_WARN_BOOL_CONVERSION = YES;
				CLANG_WARN_COMMA = YES;
				CLANG_WARN_CONSTANT_CONVERSION = YES;
				CLANG_WARN_DEPRECATED_OBJC_IMPLEMENTATIONS = YES;
				CLANG_WARN_DIRECT_OBJC_ISA_USAGE = YES_ERROR;
				CLANG_WARN_DOCUMENTATION_COMMENTS = YES;
				CLANG_WARN_EMPTY_BODY = YES;
				CLANG_WARN_ENUM_CONVERSION = YES;
				CLANG_WARN_INFINITE_RECURSION = YES;
				CLANG_WARN_INT_CONVERSION = YES;
				CLANG_WARN_NON_LITERAL_NULL_CONVERSION = YES;
				CLANG_WARN_OBJC_IMPLICIT_RETAIN_SELF = YES;
				CLANG_WARN_OBJC_LITERAL_CONVERSION = YES;
				CLANG_WARN_OBJC_ROOT_CLASS = YES_ERROR;
				CLANG_WARN_RANGE_LOOP_ANALYSIS = YES;
				CLANG_WARN_STRICT_PROTOTYPES = YES;
				CLANG_WARN_SUSPICIOUS_MOVE = YES;
				CLANG_WARN_UNGUARDED_AVAILABILITY = YES_AGGRESSIVE;
				CLANG_WARN_UNREACHABLE_CODE = YES;
				CLANG_WARN__DUPLICATE_METHOD_MATCH = YES;
				CODE_SIGN_IDENTITY = "iPhone Developer";
				COPY_PHASE_STRIP = NO;
				DEBUG_INFORMATION_FORMAT = "dwarf-with-dsym";
				ENABLE_NS_ASSERTIONS = NO;
				ENABLE_STRICT_OBJC_MSGSEND = YES;
				GCC_C_LANGUAGE_STANDARD = gnu11;
				GCC_NO_COMMON_BLOCKS = YES;
				GCC_WARN_64_TO_32_BIT_CONVERSION = YES;
				GCC_WARN_ABOUT_RETURN_TYPE = YES_ERROR;
				GCC_WARN_UNDECLARED_SELECTOR = YES;
				GCC_WARN_UNINITIALIZED_AUTOS = YES_AGGRESSIVE;
				GCC_WARN_UNUSED_FUNCTION = YES;
				GCC_WARN_UNUSED_VARIABLE = YES;
				IPHONEOS_DEPLOYMENT_TARGET = 11.1;
				MTL_ENABLE_DEBUG_INFO = NO;
				SDKROOT = iphoneos;
				VALIDATE_PRODUCT = YES;
			};
			name = Release;
		};
		E52B56881FC6AE2B0093B622 /* Debug */ = {
			isa = XCBuildConfiguration;
			buildSettings = {
				ASSETCATALOG_COMPILER_APPICON_NAME = AppIcon;
				CODE_SIGN_STYLE = Automatic;
				DEVELOPMENT_TEAM = 56KXLLLM37;
				GCC_PRECOMPILE_PREFIX_HEADER = YES;
				GCC_PREFIX_HEADER = "IPHCodeObfuscation/IPHCodeObfuscation-prefix.pch";
				INFOPLIST_FILE = "$(SRCROOT)/IPHCodeObfuscation/Info.plist";
				IPHONEOS_DEPLOYMENT_TARGET = 8.0;
				LD_RUNPATH_SEARCH_PATHS = "$(inherited) @executable_path/Frameworks";
				PRODUCT_BUNDLE_IDENTIFIER = iPhuan.IPHCodeObfuscation;
				PRODUCT_NAME = "$(TARGET_NAME)";
				TARGETED_DEVICE_FAMILY = 1;
			};
			name = Debug;
		};
		E52B56891FC6AE2B0093B622 /* Release */ = {
			isa = XCBuildConfiguration;
			buildSettings = {
				ASSETCATALOG_COMPILER_APPICON_NAME = AppIcon;
				CODE_SIGN_STYLE = Automatic;
				DEVELOPMENT_TEAM = 56KXLLLM37;
				GCC_PRECOMPILE_PREFIX_HEADER = YES;
				GCC_PREFIX_HEADER = "IPHCodeObfuscation/IPHCodeObfuscation-prefix.pch";
				INFOPLIST_FILE = "$(SRCROOT)/IPHCodeObfuscation/Info.plist";
				IPHONEOS_DEPLOYMENT_TARGET = 8.0;
				LD_RUNPATH_SEARCH_PATHS = "$(inherited) @executable_path/Frameworks";
				PRODUCT_BUNDLE_IDENTIFIER = iPhuan.IPHCodeObfuscation;
				PRODUCT_NAME = "$(TARGET_NAME)";
				TARGETED_DEVICE_FAMILY = 1;
			};
			name = Release;
		};
/* End XCBuildConfiguration section */

/* Begin XCConfigurationList section */
		E52B566C1FC6AE2B0093B622 /* Build configuration list for PBXProject "IPHCodeObfuscation" */ = {
			isa = XCConfigurationList;
			buildConfigurations = (
				E52B56851FC6AE2B0093B622 /* Debug */,
				E52B56861FC6AE2B0093B622 /* Release */,
			);
			defaultConfigurationIsVisible = 0;
			defaultConfigurationName = Release;
		};
		E52B56871FC6AE2B0093B622 /* Build configuration list for PBXNativeTarget "IPHCodeObfuscation" */ = {
			isa = XCConfigurationList;
			buildConfigurations = (
				E52B56881FC6AE2B0093B622 /* Debug */,
				E52B56891FC6AE2B0093B622 /* Release */,
			);
			defaultConfigurationIsVisible = 0;
			defaultConfigurationName = Release;
		};
/* End XCConfigurationList section */
	};
	rootObject = E52B56691FC6AE2B0093B622 /* Project object */;
}
